
Microsoft Visual Studio Solution File, Format Version 12.00
# Visual Studio Version 16
VisualStudioVersion = 16.0.32428.217
MinimumVisualStudioVersion = 10.0.40219.1
Project("{888888A0-9F3D-457C-B088-3A5042F75D52}") = "taskweatherbot", "taskweatherbot\taskweatherbot.pyproj", "{53659AF9-73B0-4117-AE8D-0A99DF565D7E}"
EndProject
Global
	GlobalSection(SolutionConfigurationPlatforms) = preSolution
		Debug|Any CPU = Debug|Any CPU
		Release|Any CPU = Release|Any CPU
	EndGlobalSection
	GlobalSection(ProjectConfigurationPlatforms) = postSolution
		{53659AF9-73B0-4117-AE8D-0A99DF565D7E}.Debug|Any CPU.ActiveCfg = Debug|Any CPU
		{53659AF9-73B0-4117-AE8D-0A99DF565D7E}.Release|Any CPU.ActiveCfg = Release|Any CPU
	EndGlobalSection
	GlobalSection(SolutionProperties) = preSolution
		HideSolutionNode = FALSE
	EndGlobalSection
	GlobalSection(ExtensibilityGlobals) = postSolution
		SolutionGuid = {12BF4792-E4EB-49FE-B8E9-38D742CA8ADD}
	EndGlobalSection
EndGlobal
